
Microsoft Visual Studio Solution File, Format Version 12.00
# Visual Studio Version 17
VisualStudioVersion = 17.2.32602.215
MinimumVisualStudioVersion = 10.0.40219.1
Project("{9A19103F-16F7-4668-BE54-9A1E7A4F7556}") = "ox.wallets.ui", "ox.wallets.ui\ox.wallets.ui.csproj", "{1BB9ABB0-753A-44BC-A50A-A7C8BEF7D0B4}"
EndProject
Project("{9A19103F-16F7-4668-BE54-9A1E7A4F7556}") = "ox.bapp.wallet", "ox.bapp.wallet\ox.bapp.wallet.csproj", "{A96CAF47-ED50-438E-93A3-AE6FFFAA8632}"
EndProject
Project("{9A19103F-16F7-4668-BE54-9A1E7A4F7556}") = "ox.notecase", "ox.notecase\ox.notecase.csproj", "{FB94DC51-4D92-40B3-A5CF-3C86187EB8B4}"
EndProject
Project("{2150E333-8FDC-42A3-9474-1A3956D46DE8}") = "Forms", "Forms", "{01C5543E-C662-4364-980D-04D6A73250C6}"
EndProject
Project("{9A19103F-16F7-4668-BE54-9A1E7A4F7556}") = "ox.wallets.web", "ox.wallets.web\ox.wallets.web.csproj", "{6B080D03-9EB9-43B8-9B35-6D2EAFB4628B}"
EndProject
Project("{2150E333-8FDC-42A3-9474-1A3956D46DE8}") = "Webs", "Webs", "{B2A1A56E-7B0C-48AF-A8BA-5FD209A903D8}"
EndProject
Project("{9A19103F-16F7-4668-BE54-9A1E7A4F7556}") = "ox.mix", "ox.mix\ox.mix.csproj", "{7FA5CF5F-2DAB-4B28-8902-F53938F5FE87}"
EndProject
Project("{9A19103F-16F7-4668-BE54-9A1E7A4F7556}") = "ox.web", "ox.web\ox.web.csproj", "{EE70B473-8D49-42E4-846D-5A5DB6339074}"
EndProject
Project("{2150E333-8FDC-42A3-9474-1A3956D46DE8}") = "Base", "Base", "{B3757FD1-D981-4B50-91F4-FE8C7671B810}"
EndProject
Project("{9A19103F-16F7-4668-BE54-9A1E7A4F7556}") = "ox.wallets.core", "ox.wallets.core\ox.wallets.core.csproj", "{46ACAA41-F93A-4C0D-885B-65FF8AB63E7D}"
EndProject
Project("{9A19103F-16F7-4668-BE54-9A1E7A4F7556}") = "ox.metamask", "ox.metamask\ox.metamask.csproj", "{C6CEF223-1613-40DC-B3AF-1FDDA65371A6}"
EndProject
Project("{9A19103F-16F7-4668-BE54-9A1E7A4F7556}") = "ox.web.wallet", "ox.web.wallet\ox.web.wallet.csproj", "{8564646D-7183-4262-BBD3-8D3AC9F15DF2}"
EndProject
Global
	GlobalSection(SolutionConfigurationPlatforms) = preSolution
		Debug|Any CPU = Debug|Any CPU
		Release|Any CPU = Release|Any CPU
	EndGlobalSection
	GlobalSection(ProjectConfigurationPlatforms) = postSolution
		{1BB9ABB0-753A-44BC-A50A-A7C8BEF7D0B4}.Debug|Any CPU.ActiveCfg = Debug|Any CPU
		{1BB9ABB0-753A-44BC-A50A-A7C8BEF7D0B4}.Debug|Any CPU.Build.0 = Debug|Any CPU
		{1BB9ABB0-753A-44BC-A50A-A7C8BEF7D0B4}.Release|Any CPU.ActiveCfg = Release|Any CPU
		{1BB9ABB0-753A-44BC-A50A-A7C8BEF7D0B4}.Release|Any CPU.Build.0 = Release|Any CPU
		{A96CAF47-ED50-438E-93A3-AE6FFFAA8632}.Debug|Any CPU.ActiveCfg = Debug|Any CPU
		{A96CAF47-ED50-438E-93A3-AE6FFFAA8632}.Debug|Any CPU.Build.0 = Debug|Any CPU
		{A96CAF47-ED50-438E-93A3-AE6FFFAA8632}.Release|Any CPU.ActiveCfg = Release|Any CPU
		{A96CAF47-ED50-438E-93A3-AE6FFFAA8632}.Release|Any CPU.Build.0 = Release|Any CPU
		{FB94DC51-4D92-40B3-A5CF-3C86187EB8B4}.Debug|Any CPU.ActiveCfg = Debug|Any CPU
		{FB94DC51-4D92-40B3-A5CF-3C86187EB8B4}.Debug|Any CPU.Build.0 = Debug|Any CPU
		{FB94DC51-4D92-40B3-A5CF-3C86187EB8B4}.Release|Any CPU.ActiveCfg = Release|Any CPU
		{FB94DC51-4D92-40B3-A5CF-3C86187EB8B4}.Release|Any CPU.Build.0 = Release|Any CPU
		{6B080D03-9EB9-43B8-9B35-6D2EAFB4628B}.Debug|Any CPU.ActiveCfg = Debug|Any CPU
		{6B080D03-9EB9-43B8-9B35-6D2EAFB4628B}.Debug|Any CPU.Build.0 = Debug|Any CPU
		{6B080D03-9EB9-43B8-9B35-6D2EAFB4628B}.Release|Any CPU.ActiveCfg = Release|Any CPU
		{6B080D03-9EB9-43B8-9B35-6D2EAFB4628B}.Release|Any CPU.Build.0 = Release|Any CPU
		{7FA5CF5F-2DAB-4B28-8902-F53938F5FE87}.Debug|Any CPU.ActiveCfg = Debug|Any CPU
		{7FA5CF5F-2DAB-4B28-8902-F53938F5FE87}.Debug|Any CPU.Build.0 = Debug|Any CPU
		{7FA5CF5F-2DAB-4B28-8902-F53938F5FE87}.Release|Any CPU.ActiveCfg = Release|Any CPU
		{7FA5CF5F-2DAB-4B28-8902-F53938F5FE87}.Release|Any CPU.Build.0 = Release|Any CPU
		{EE70B473-8D49-42E4-846D-5A5DB6339074}.Debug|Any CPU.ActiveCfg = Debug|Any CPU
		{EE70B473-8D49-42E4-846D-5A5DB6339074}.Debug|Any CPU.Build.0 = Debug|Any CPU
		{EE70B473-8D49-42E4-846D-5A5DB6339074}.Release|Any CPU.ActiveCfg = Release|Any CPU
		{EE70B473-8D49-42E4-846D-5A5DB6339074}.Release|Any CPU.Build.0 = Release|Any CPU
		{46ACAA41-F93A-4C0D-885B-65FF8AB63E7D}.Debug|Any CPU.ActiveCfg = Debug|Any CPU
		{46ACAA41-F93A-4C0D-885B-65FF8AB63E7D}.Debug|Any CPU.Build.0 = Debug|Any CPU
		{46ACAA41-F93A-4C0D-885B-65FF8AB63E7D}.Release|Any CPU.ActiveCfg = Release|Any CPU
		{46ACAA41-F93A-4C0D-885B-65FF8AB63E7D}.Release|Any CPU.Build.0 = Release|Any CPU
		{C6CEF223-1613-40DC-B3AF-1FDDA65371A6}.Debug|Any CPU.ActiveCfg = Debug|Any CPU
		{C6CEF223-1613-40DC-B3AF-1FDDA65371A6}.Debug|Any CPU.Build.0 = Debug|Any CPU
		{C6CEF223-1613-40DC-B3AF-1FDDA65371A6}.Release|Any CPU.ActiveCfg = Release|Any CPU
		{C6CEF223-1613-40DC-B3AF-1FDDA65371A6}.Release|Any CPU.Build.0 = Release|Any CPU
		{8564646D-7183-4262-BBD3-8D3AC9F15DF2}.Debug|Any CPU.ActiveCfg = Debug|Any CPU
		{8564646D-7183-4262-BBD3-8D3AC9F15DF2}.Debug|Any CPU.Build.0 = Debug|Any CPU
		{8564646D-7183-4262-BBD3-8D3AC9F15DF2}.Release|Any CPU.ActiveCfg = Release|Any CPU
		{8564646D-7183-4262-BBD3-8D3AC9F15DF2}.Release|Any CPU.Build.0 = Release|Any CPU
	EndGlobalSection
	GlobalSection(SolutionProperties) = preSolution
		HideSolutionNode = FALSE
	EndGlobalSection
	GlobalSection(NestedProjects) = preSolution
		{1BB9ABB0-753A-44BC-A50A-A7C8BEF7D0B4} = {01C5543E-C662-4364-980D-04D6A73250C6}
		{A96CAF47-ED50-438E-93A3-AE6FFFAA8632} = {01C5543E-C662-4364-980D-04D6A73250C6}
		{FB94DC51-4D92-40B3-A5CF-3C86187EB8B4} = {01C5543E-C662-4364-980D-04D6A73250C6}
		{6B080D03-9EB9-43B8-9B35-6D2EAFB4628B} = {B2A1A56E-7B0C-48AF-A8BA-5FD209A903D8}
		{7FA5CF5F-2DAB-4B28-8902-F53938F5FE87} = {B2A1A56E-7B0C-48AF-A8BA-5FD209A903D8}
		{EE70B473-8D49-42E4-846D-5A5DB6339074} = {B2A1A56E-7B0C-48AF-A8BA-5FD209A903D8}
		{46ACAA41-F93A-4C0D-885B-65FF8AB63E7D} = {B3757FD1-D981-4B50-91F4-FE8C7671B810}
		{C6CEF223-1613-40DC-B3AF-1FDDA65371A6} = {B2A1A56E-7B0C-48AF-A8BA-5FD209A903D8}
		{8564646D-7183-4262-BBD3-8D3AC9F15DF2} = {B2A1A56E-7B0C-48AF-A8BA-5FD209A903D8}
	EndGlobalSection
	GlobalSection(ExtensibilityGlobals) = postSolution
		SolutionGuid = {DE15F840-38E4-457E-BCEE-B2C9C51B2786}
	EndGlobalSection
EndGlobal
